
Microsoft Visual Studio Solution File, Format Version 12.00
# Visual Studio Version 17
VisualStudioVersion = 17.11.35222.181
MinimumVisualStudioVersion = 10.0.40219.1
Project("{FAE04EC0-301F-11D3-BF4B-00C04F79EFBC}") = "Evaluacion 3", "Evaluacion 3.csproj", "{ADCFC351-F654-4242-B778-EC75E947BD24}"
EndProject
Global
	GlobalSection(SolutionConfigurationPlatforms) = preSolution
		Debug|Any CPU = Debug|Any CPU
		Release|Any CPU = Release|Any CPU
	EndGlobalSection
	GlobalSection(ProjectConfigurationPlatforms) = postSolution
		{ADCFC351-F654-4242-B778-EC75E947BD24}.Debug|Any CPU.ActiveCfg = Debug|Any CPU
		{ADCFC351-F654-4242-B778-EC75E947BD24}.Debug|Any CPU.Build.0 = Debug|Any CPU
		{ADCFC351-F654-4242-B778-EC75E947BD24}.Release|Any CPU.ActiveCfg = Release|Any CPU
		{ADCFC351-F654-4242-B778-EC75E947BD24}.Release|Any CPU.Build.0 = Release|Any CPU
	EndGlobalSection
	GlobalSection(SolutionProperties) = preSolution
		HideSolutionNode = FALSE
	EndGlobalSection
	GlobalSection(ExtensibilityGlobals) = postSolution
		SolutionGuid = {0FBE2A98-3B33-4906-8BE5-3D8E00D57D17}
	EndGlobalSection
EndGlobal
